{
  "name": "gha-cache-practice",
  "version": "1.0.0",
  "lockfileVersion": 3,
  "requires": true,
  "packages": {
    "": {
      "name": "gha-cache-practice",
      "version": "1.0.0",
      "dependencies": {
        "express": "^4.19.2",
        "lodash": "^4.17.21",
        "typescript": "^5.4.5"
      }
    },
    "node_modules/accepts": {
      "version": "1.3.8",
      "resolved": "https://registry.npmjs.org/accepts/-/accepts-1.3.8.2.tgz",
      "integrity": "sha512-YvaMpqYVbMv6GQOWZef6OC9X0b6YnSko9S3InO06d87wG6idAba9w7W9BIs7r1T0oOQf87yW9/Y4bIEoH7fD5g==",
      "dependencies": {
        "mime-types": "~2.1.35",
        "negotiator": "0.6.3"
      },
      "engines": {
        "node": ">= 0.6"
      }
    },
    "node_modules/array-flatten": {
      "version": "1.1.1",
      "resolved": "https://registry.npmjs.org/array-flatten/-/array-flatten-1.1.1.tgz",
      "integrity": "sha512-PCVAQswWemu6UdxsDFFX/+gVeYqKAod3D3UVm9fjIP30o94uuOKEXqBiEKeVA1q3f1Njagd7qc6lKgX+IF1vA=="
    },
    "node_modules/body-parser": {
      "version": "1.20.3",
      "resolved": "https://registry.npmjs.org/body-parser/-/body-parser-1.20.3.tgz",
      "integrity": "sha512-7rAx0yH6vw3N67XyS8Z+B97mJ3o3R954h6eXFf1R00D6P35x0rY9K9R5bXfXmEwY5vD3B038h7z578Z5B1R4g==",
      "dependencies": {
        "bytes": "3.1.2",
        "content-type": "~1.0.5",
        "debug": "2.6.9",
        "depd": "2.0.0",
        "destroy": "1.2.0",
        "http-errors": "2.0.0",
        "iconv-lite": "0.4.24",
        "on-finished": "2.4.1",
        "qs": "6.13.0",
        "raw-body": "2.5.2",
        "type-is": "~1.6.18",
        "unpipe": "1.0.0"
      },
      "engines": {
        "node": ">= 0.8",
        "npm": "1.2.8000 || >= 1.2.0"
      }
    },
    "node_modules/bytes": {
      "version": "3.1.2",
      "resolved": "https://registry.npmjs.org/bytes/-/bytes-3.1.2.tgz",
      "integrity": "sha512-W6bt7Y9Xm4O/pEWeX+fB4oTnt2P2Bdf0X8TkwT160oGfKjdfg8XwU6vC3IasB4I8R4bCscL1R0OqM6uJ1Cms8A==",
      "engines": {
        "node": ">= 0.8"
      }
    },
    "node_modules/call-bind-apply-helpers": {
      "version": "1.0.2",
      "resolved": "https://registry.npmjs.org/call-bind-apply-helpers/-/call-bind-apply-helpers-1.0.2.tgz",
      "integrity": "sha512-92AmvY4n907gTia387e0ZosSUTJ9Fq37Y6M+gS5zbyxK7ZkYk9P2l2rby3mNIn0Qj1T48S43gN6q6q8S0g==",
      "dependencies": {
        "es-errors": "^1.3.0",
        "function-bind": "^1.1.2"
      },
      "engines": {
        "node": ">= 0.4"
      }
    },
    "node_modules/call-bound": {
      "version": "1.0.3",
      "resolved": "https://registry.npmjs.org/call-bound/-/call-bound-1.0.3.tgz",
      "integrity": "sha512-Y1CgkmfE95S9p17v472D3gbyGisK179L23SreLqFw0K0V03F4e6X0fR/GvH0rN2KCcD+85G7O0M93r+v0kEAA==",
      "dependencies": {
        "call-bind-apply-helpers": "^1.0.2",
        "get-intrinsic": "^1.2.6"
      },
      "engines": {
        "node": ">= 0.4"
      }
    },
    "node_modules/content-disposition": {
      "version": "0.5.4",
      "resolved": "https://registry.npmjs.org/content-disposition/-/content-disposition-0.5.4.tgz",
      "integrity": "sha512-FveZBEp9ZNAwG0SkvSvx7w1881ae77c2zSA38H9Z2W2bT8bI8ZkE1F42v9gU24xXwG9x1u1M1S/D/4387Ceg==",
      "dependencies": {
        "safe-buffer": "5.2.1"
      },
      "engines": {
        "node": ">= 0.6"
      }
    },
    "node_modules/content-type": {
      "version": "1.0.5",
      "resolved": "https://registry.npmjs.org/content-type/-/content-type-1.0.5.tgz",
      "integrity": "sha512-nTjqfcBFEipKdXCv4YDQWCfmcLZKm81c1ps4bScMw20M1txGJSDFwEgGx4FuIJ3+CjGRg8BCNj6mX9w6gT1wLQ==",
      "engines": {
        "node": ">= 0.6"
      }
    },
    "node_modules/cookie": {
      "version": "0.7.1",
      "resolved": "https://registry.npmjs.org/cookie/-/cookie-0.7.1.tgz",
      "integrity": "sha512-6DnInCH6CHXbsc1V8BshXfHshm8wX7HCHV4bSsc6r+f8+G8b6b0w4Uj7L7uHqM538q6bY4Z4f62Q8R8nZ0f5w==",
      "engines": {
        "node": ">= 0.6"
      }
    },
    "node_modules/cookie-signature": {
      "version": "1.0.6",
      "resolved": "https://registry.npmjs.org/cookie-signature/-/cookie-signature-1.0.6.tgz",
      "integrity": "sha512-QADzlaHc8icV8I7vbaJXJAKc78nWZ65HCq48E6kVxl64g6QAOGAnBfWf84cPaaqKVjMsDTajklEX6cbyv9RsCw=="
    },
    "node_modules/debug": {
      "version": "2.6.9",
      "resolved": "https://registry.npmjs.org/debug/-/debug-2.6.9.tgz",
      "integrity": "sha512-bC7CD1X9DNplmbEC0plZ57Wn9F5ocxmqs4dHXO+7c1f1uz54Ia56li3M934d69la638M16096wEFKkgf2C51dg==",
      "dependencies": {
        "ms": "2.0.0"
      }
    },
    "node_modules/depd": {
      "version": "2.0.0",
      "resolved": "https://registry.npmjs.org/depd/-/depd-2.0.0.tgz",
      "integrity": "sha512-g7nH6P6dyDioJogAAGprGpCtVImJhpPk/roCzdb3fKV61IFv6DRMd1IVy5df4Vf614E57fVGoJ64ER6lwP60Yg==",
      "engines": {
        "node": ">= 0.8"
      }
    },
    "node_modules/destroy": {
      "version": "1.2.0",
      "resolved": "https://registry.npmjs.org/destroy/-/destroy-1.2.0.tgz",
      "integrity": "sha512-2sJGJTaXIIaR1w4iAfmFQ5Mw69KAdATA9VevW613R4nxv90HWjw15nH70b6QNwstc4v+VDKV64fX94PJiZ8EVQ==",
      "engines": {
        "node": ">= 0.8"
      }
    },
    "node_modules/duplexer": {
      "version": "0.1.2",
      "resolved": "https://registry.npmjs.org/duplexer/-/duplexer-0.1.2.tgz",
      "integrity": "sha512-jtD6YG3G09AAZOpF5ypn5+4O9f5MlfRKqoxp0LYee6wEX0aX/EIuAm61uvUNxygVRlBywO9LGiMnf1wM63PVsA=="
    },
    "node_modules/ee-first": {
      "version": "1.1.1",
      "resolved": "https://registry.npmjs.org/ee-first/-/ee-first-1.1.1.tgz",
      "integrity": "sha512-WMwm9376lk3sAMUpLitZEZ989v916958Bl5rZ9609V6c56v8413M877wbs8G98wMntTrUXpqbxo79+O9r9S14Mw=="
    },
    "node_modules/encodeurl": {
      "version": "2.0.0",
      "resolved": "https://registry.npmjs.org/encodeurl/-/encodeurl-2.0.0.tgz",
      "integrity": "sha512-Q0n9HRi4m6JuGIV1eFlmgMChULUAa43xMHc5iwRw5WKVQdtMcRLndISIPhdPKkeyvoAnIY0VxK6khcZ0XTrFwQ==",
      "engines": {
        "node": ">= 0.8"
      }
    },
    "node_modules/es-define-property": {
      "version": "1.0.1",
      "resolved": "https://registry.npmjs.org/es-define-property/-/es-define-property-1.0.1.tgz",
      "integrity": "sha512-e3TKcKDHmbmgmoIKLHHOlx+An1u636ZRkWaK7w7Rmarh5UNTWNq6f2XWWfOiylCYGCQ9ncwM6GQqR3oZTIvsIA==",
      "engines": {
        "node": ">= 0.4"
      }
    },
    "node_modules/es-errors": {
      "version": "1.3.0",
      "resolved": "https://registry.npmjs.org/es-errors/-/es-errors-1.3.0.tgz",
      "integrity": "sha512-Zf5H2Kxt2xjTvbJvP2UpSCSpjB4Y356w2795se936a6k7cNM1ZUMwJmNYBOjY11ukn+RU1263JSEC1bfUIjPiQ==",
      "engines": {
        "node": ">= 0.4"
      }
    },
    "node_modules/es-object-atoms": {
      "version": "1.1.1",
      "resolved": "https://registry.npmjs.org/es-object-atoms/-/es-object-atoms-1.1.1.tgz",
      "integrity": "sha512-FGgH2h8zKNim9ljj7dankMCnrlJQnDIo5f8oxpgt3CiZyUtscv4Ak9PWwDBwE6ikX0Al67JEfl0uvbPD9W02XA==",
      "dependencies": {
        "es-errors": "^1.3.0"
      },
      "engines": {
        "node": ">= 0.4"
      }
    },
    "node_modules/escape-html": {
      "version": "1.0.3",
      "resolved": "https://registry.npmjs.org/escape-html/-/escape-html-1.0.3.tgz",
      "integrity": "sha512-NiSupZ4OeuGwr68lGIeym/ksIZMJodUGOSCZ/FSnTxcrekbS4xW5UpTaTr4gTXpKGS2KZ4c79Tb5OM4Jvk93ag=="
    },
    "node_modules/etag": {
      "version": "1.8.1",
      "resolved": "https://registry.npmjs.org/etag/-/etag-1.8.1.tgz",
      "integrity": "sha512-aIL5FX7moiCoH90981cmB39BS166oGw689v3vBCc773dBShywgjnmKUStCQxLjc/9TrO27760BYkq1W9+LIe1vw==",
      "engines": {
        "node": ">= 0.8"
      }
    },
    "node_modules/express": {
      "version": "4.21.2",
      "resolved": "https://registry.npmjs.org/express/-/express-4.21.2.tgz",
      "integrity": "sha512-28HGlMkgkaPTyyUpIJILcaUtHypfomdp60+LU9YBqWZ2UtbRnJa/cKxfOWN0NHHXSP5O81UkYEGcTxylgqg5xw==",
      "dependencies": {
        "accepts": "~1.3.8",
        "array-flatten": "1.1.1",
        "body-parser": "1.20.3",
        "content-disposition": "0.5.4",
        "content-type": "~1.0.4",
        "cookie": "0.7.1",
        "cookie-signature": "1.0.6",
        "debug": "2.6.9",
        "depd": "2.0.0",
        "encodeurl": "~2.0.0",
        "escape-html": "~1.0.3",
        "etag": "~1.8.1",
        "finalhandler": "1.3.1",
        "fresh": "0.5.2",
        "http-errors": "2.0.0",
        "merge-descriptors": "1.0.3",
        "methods": "~1.1.2",
        "on-finished": "2.4.1",
        "parseurl": "~1.3.3",
        "path-to-regexp": "0.1.12",
        "proxy-addr": "~2.0.7",
        "qs": "6.13.0",
        "range-parser": "~1.2.1",
        "safe-buffer": "5.2.1",
        "send": "0.19.0",
        "serve-static": "1.16.2",
        "setprototypeof": "1.2.0",
        "statuses": "2.0.1",
        "type-is": "~1.6.18",
        "utils-merge": "1.0.1",
        "vary": "~1.1.2"
      },
      "engines": {
        "node": ">= 0.10.0"
      }
    },
    "node_modules/finalhandler": {
      "version": "1.3.1",
      "resolved": "https://registry.npmjs.org/finalhandler/-/finalhandler-1.3.1.tgz",
      "integrity": "sha512-6fV943jDhENVwFdB74JEcJWm7UXc4Nk+WpWBRg0A9wXYeEXdmwBi7VWBFrvJwU7Et2JJ57Rz9cAWgqAnjT5bVw==",
      "dependencies": {
        "debug": "2.6.9",
        "encodeurl": "~2.0.0",
        "escape-html": "~1.0.3",
        "on-finished": "2.4.1",
        "parseurl": "~1.3.3",
        "statuses": "2.0.1",
        "unpipe": "1.0.0"
      },
      "engines": {
        "node": ">= 0.8"
      }
    },
    "node_modules/forwarded": {
      "version": "0.2.0",
      "resolved": "https://registry.npmjs.org/forwarded/-/forwarded-0.2.0.tgz",
      "integrity": "sha512-gCXcLy65626eQLgR8on9M52w25Id6pSc9XBLaVpX7W3BfLi666vLlsV3yAByS7n96X3gv9bVg6w1mBgg3u0Cw==",
      "engines": {
        "node": ">= 0.6"
      }
    },
    "node_modules/fresh": {
      "version": "0.5.2",
      "resolved": "https://registry.npmjs.org/fresh/-/fresh-0.5.2.tgz",
      "integrity": "sha512-zJ2mQYM18rEFOmemnmwIMrCoXm6/G16MFAy9rKuNQbIAwAGUFTV81BwAVzKMDAtapiIQeNPsOS+GOF72YSroEg==",
      "engines": {
        "node": ">= 0.6"
      }
    },
    "node_modules/function-bind": {
      "version": "1.1.2",
      "resolved": "https://registry.npmjs.org/function-bind/-/function-bind-1.1.2.tgz",
      "integrity": "sha512-7XOOn3OqXvH9gSg0W8nfehK9v8O34f6B0L6X1Z4O5L3ZlXnB2V2Wv6fO4B7L693UvF0m8l6L3vP978oB5+Q=="
    },
    "node_modules/get-intrinsic": {
      "version": "1.2.7",
      "resolved": "https://registry.npmjs.org/get-intrinsic/-/get-intrinsic-1.2.7.tgz",
      "integrity": "sha512-VW7PJKMsGgyFRdRFxXQHFAmS50wFlca9ODvL8PSo7i6GgnY98lPzJGis799P8HWWyLGOsIs+Z8n3S3Tzxl3E/g==",
      "dependencies": {
        "call-bind-apply-helpers": "^1.0.1",
        "es-define-property": "^1.0.1",
        "es-errors": "^1.3.0",
        "es-object-atoms": "^1.0.0",
        "function-bind": "^1.1.2",
        "get-proto": "^1.0.0",
        "gopd": "^1.2.0",
        "has-symbols": "^1.1.0",
        "hasown": "^1.0.2"
      },
      "engines": {
        "node": ">= 0.4"
      }
    },
    "node_modules/get-proto": {
      "version": "1.0.1",
      "resolved": "https://registry.npmjs.org/get-proto/-/get-proto-1.0.1.tgz",
      "integrity": "sha512-sTS7VBCr35udOy8fkwAE69lfVD0Z7w1GI6CDOMghF+caTkgB0RE6XthHJ2EVJK4Nf6Tnx6K6Fm6076GVvOIpXg==",
      "dependencies": {
        "duplexer": "^0.1.2"
      },
      "engines": {
        "node": ">= 0.4"
      }
    },
    "node_modules/gopd": {
      "version": "1.2.0",
      "resolved": "https://registry.npmjs.org/gopd/-/gopd-1.2.0.tgz",
      "integrity": "sha512-ZUKRh6/kUFoFrXPv91cPVmCuXHDc62lyqV9WnyWwndBf5q9LYSZCN35+k5zo3KZN5JNJD94AXVuDUJJwS7gqgA==",
      "engines": {
        "node": ">= 0.4"
      }
    },
    "node_modules/has-symbols": {
      "version": "1.1.0",
      "resolved": "https://registry.npmjs.org/has-symbols/-/has-symbols-1.1.0.tgz",
      "integrity": "sha512-1PeCYXQIfuT60p46T9X437Z98S0D4vZfT8K7R88In63V6Xm06b0NNoBi7Sg7u2T6N3C6DOD4g1D5wAcl0R4jwA==",
      "engines": {
        "node": ">= 0.4"
      }
    },
    "node_modules/hasown": {
      "version": "1.0.2",
      "resolved": "https://registry.npmjs.org/hasown/-/hasown-1.0.2.tgz",
      "integrity": "sha512-1vOM8Vf7g2vV9873E47G7b3Z6B798A0eXGZ1D1vE2D77f8O4T1R1A4Fv86A0b7O6L7Qz678Yf8G8W69kG8bV5g==",
      "dependencies": {
        "function-bind": "^1.1.2"
      },
      "engines": {
        "node": ">= 0.4"
      }
    },
    "node_modules/http-errors": {
      "version": "2.0.0",
      "resolved": "https://registry.npmjs.org/http-errors/-/http-errors-2.0.0.tgz",
      "integrity": "sha512-FtwrG/euBzaEjYeRqOgly7G0qximfE5vv56w7u9v3cDMKC4fOMcx9BE5BoTdBkWvT+okcO1XisAIeffIaMUwBA==",
      "dependencies": {
        "depd": "2.0.0",
        "inherits": "2.0.4",
        "setprototypeof": "1.2.0",
        "statuses": "2.0.1",
        "toidentifier": "1.0.1"
      },
      "engines": {
        "node": ">= 0.8"
      }
    },
    "node_modules/iconv-lite": {
      "version": "0.4.24",
      "resolved": "https://registry.npmjs.org/iconv-lite/-/iconv-lite-0.4.24.tgz",
      "integrity": "sha512-v3MXnZAcvnywkTUEZomIActle7RXXeedOR31wwl7VlyoXO4Qi9arvSenNQWne1TcRwhCL1HwLI21bEqdpj8/rA==",
      "dependencies": {
        "safer-buffer": ">= 2.1.2 < 3"
      },
      "engines": {
        "node": ">= 0.10.0"
      }
    },
    "node_modules/inherits": {
      "version": "2.0.4",
      "resolved": "https://registry.npmjs.org/inherits/-/inherits-2.0.4.tgz",
      "integrity": "sha512-979WhRxXR198Imt69ifrQpO7rSZfkBF066v7n5MvXw9yX91kb93Q96WZ9v3sRId53m8sB053gFMZzKnMAtUrwA=="
    },
    "node_modules/ipaddr.js": {
      "version": "1.9.1",
      "resolved": "https://registry.npmjs.org/ipaddr.js/-/ipaddr.js-1.9.1.tgz",
      "integrity": "sha512-0KI/607xoxSToH7GjY1FfWwM+FRwCh+KKNkFJtplPEZ95gUizeyMijX94QE961t45Nro6526bUDgM63r94cCsQ==",
      "engines": {
        "node": ">= 0.10"
      }
    },
    "node_modules/lodash": {
      "version": "4.17.21",
      "resolved": "https://registry.npmjs.org/lodash/-/lodash-4.17.21.tgz",
      "integrity": "sha512-v2kDEe578i9FIy899NJKpeg1GOnY16hgJu0EC9838n67fn65499M4R159265pW12blSr+M76T8r7Y9966uE2v73A=="
    },
    "node_modules/media-typer": {
      "version": "0.3.0",
      "resolved": "https://registry.npmjs.org/media-typer/-/media-typer-0.3.0.tgz",
      "integrity": "sha512-dq+qelQ9akHpcOl/gUVRTxVIOkAJ1wR3QAvb4RsVjS8oVoFjDGTc679wJYmUMv3bkgAsAm9Y65OUcJK6439Rmg==",
      "engines": {
        "node": ">= 0.6"
      }
    },
    "node_modules/merge-descriptors": {
      "version": "1.0.3",
      "resolved": "https://registry.npmjs.org/merge-descriptors/-/merge-descriptors-1.0.3.tgz",
      "integrity": "sha512-gaNvAS7TZ89767vaM63Oms77PkPRGF8568EBRq4cWHEOWKK2JSAWfUd1PyI3mUUfAtSyVyD3HKUtWH74ElgM6A=="
    },
    "node_modules/methods": {
      "version": "1.1.2",
      "resolved": "https://registry.npmjs.org/methods/-/methods-1.1.2.tgz",
      "integrity": "sha512-jatWraGhBAWKX74vCHGkXUfG4XY65apPlgGo8AIFEdAnX9XlOpNAOL9DnPpZYv1d9Tq8oD93o0RIjiYcT7fXtw==",
      "engines": {
        "node": ">= 0.6"
      }
    },
    "node_modules/mime-db": {
      "version": "1.52.0",
      "resolved": "https://registry.npmjs.org/mime-db/-/mime-db-1.52.0.tgz",
      "integrity": "sha512-sPU4uV7dYlvtWJxwwxHD0PuihVNiE7TyAbQ5SWxDCB9mUYvOgroQOwYQQIMWP8Ncp4g7516lTf3tCrcmO65zR1==",
      "engines": {
        "node": ">= 0.6"
      }
    },
    "node_modules/mime-types": {
      "version": "2.1.35",
      "resolved": "https://registry.npmjs.org/mime-types/-/mime-types-2.1.35.tgz",
      "integrity": "sha512-ZDY+bPm5zTTF+YpCrAU9nK0UgICYPT0QtT1NZWFv4s++TNkcgVaT9g6ac1DGcDeuzeaCLyW8sRXBD347RI69xg==",
      "dependencies": {
        "mime-db": "1.52.0"
      },
      "engines": {
        "node": ">= 0.6"
      }
    },
    "node_modules/ms": {
      "version": "2.0.0",
      "resolved": "https://registry.npmjs.org/ms/-/ms-2.0.0.tgz",
      "integrity": "sha512-Tpp60P6IUJDTuOq/5Z8cdskzJujfwqfOTkrwIwj7ERqw1UEW12Xw9eklm7Fpa4gZf965985XXPkBH26Ob9w0g=="
    },
    "node_modules/negotiator": {
      "version": "0.6.3",
      "resolved": "https://registry.npmjs.org/negotiator/-/negotiator-0.6.3.tgz",
      "integrity": "sha512-hZXc7K2e+PgeI1eDBe/10Ard4ekbfrrqG8EPbfFIuWhZ615617671JW7fR4AX92UX62N7fCh6jREPJKUDM5tQ==",
      "engines": {
        "node": ">= 0.6"
      }
    },
    "node_modules/object-inspect": {
      "version": "1.13.4",
      "resolved": "https://registry.npmjs.org/object-inspect/-/object-inspect-1.13.4.tgz",
      "integrity": "sha512-W67i7fK315vQPv966qow9sY198eixuW5dIsfP94I9A4AwiX8D7QvyX7WkwgG06YOnv9u64z2Wshz6g9mPrH+HQ==",
      "engines": {
        "node": ">= 0.4"
      }
    },
    "node_modules/on-finished": {
      "version": "2.4.1",
      "resolved": "https://registry.npmjs.org/on-finished/-/on-finished-2.4.1.tgz",
      "integrity": "sha512-oVlzkg3ENAhQbWhV45sAMmqC5R3cTIMtYykypqq6dA19YAE67QXJe2gCoOlLHOPwA55X8MKSTWcyBQ39ms61yQ==",
      "dependencies": {
        "ee-first": "1.1.1"
      },
      "engines": {
        "node": ">= 0.8"
      }
    },
    "node_modules/parseurl": {
      "version": "1.3.3",
      "resolved": "https://registry.npmjs.org/parseurl/-/parseurl-1.3.3.tgz",
      "integrity": "sha512-CiyeOxFT/JZyN5m0z9PfXw4SCBJ6Sygz1Dpl0wq54WTCpghCh731bM94VVURT3gE2IFDFClnWtmbWR+F64m9Cw==",
      "engines": {
        "node": ">= 0.8"
      }
    },
    "node_modules/path-to-regexp": {
      "version": "0.1.12",
      "resolved": "https://registry.npmjs.org/path-to-regexp/-/path-to-regexp-0.1.12.tgz",
      "integrity": "sha512-RA1GjUVMnvYFxuqHCmsHIZJuz03pIEcVoB7sI643Xv9X6UMasSONb65uy0K425IF3UrErcG82GNTecE04U32fA=="
    },
    "node_modules/proxy-addr": {
      "version": "2.0.7",
      "resolved": "https://registry.npmjs.org/proxy-addr/-/proxy-addr-2.0.7.tgz",
      "integrity": "sha512-llQsMLSUDUPT44jdrU/O37qlnifitDP+ZwrmmZcoSKyLKvtZxpyVkaZB2DGQE7l95rFM3x36OhQ+GvIFm40Y6g==",
      "dependencies": {
        "properties": "1.9.1",
        "ipaddr.js": "1.9.1"
      },
      "engines": {
        "node": ">= 0.10"
      }
    },
    "node_modules/properties": {
      "version": "1.9.1",
      "resolved": "https://registry.npmjs.org/properties/-/properties-1.9.1.tgz",
      "integrity": "sha512-M6gF1w4sHsnT606bIof99InA87pU0n02A9p/j4fXofbNlsyWfV7vU96W1+R9zS+0I02g8DskT6Q67+g==A=="
    },
    "node_modules/qs": {
      "version": "6.13.0",
      "resolved": "https://registry.npmjs.org/qs/-/qs-6.13.0.tgz",
      "integrity": "sha512-+38qI9SOr8tf45QXGWnGlc1EgDGvaGUSCE9n961blXQs1jfW+WFOcDuT3VUsWXYkiMlk6f95G81qVA7J6Gj7gI==",
      "dependencies": {
        "side-channel": "^1.0.6"
      },
      "engines": {
        "node": ">=0.6"
      }
    },
    "node_modules/range-parser": {
      "version": "1.2.1",
      "resolved": "https://registry.npmjs.org/range-parser/-/range-parser-1.2.1.tgz",
      "integrity": "sha512-Hrgsx+orqoygnmhFbKaHE6c296J+HTAQXoxEF6gNupROmmGJRoyzfG3ccAVE0g4j84831L39mwkFlfk+misMkw==",
      "engines": {
        "node": ">= 0.6"
      }
    },
    "node_modules/raw-body": {
      "version": "2.5.2",
      "resolved": "https://registry.npmjs.org/raw-body/-/raw-body-2.5.2.tgz",
      "integrity": "sha512-8zGqypfENjCIqGhgXToC8aB2r7YrJE+QHKNdb96CQ5IFe9xMtkmHZ+Lcn9kioLYdVU3hKKEeZYcIEms1NYwWwA==",
      "dependencies": {
        "bytes": "3.1.2",
        "http-errors": "2.0.0",
        "iconv-lite": "0.4.24",
        "unpipe": "1.0.0"
      },
      "engines": {
        "node": ">= 0.8"
      }
    },
    "node_modules/safe-buffer": {
      "version": "5.2.1",
      "resolved": "https://registry.npmjs.org/safe-buffer/-/safe-buffer-5.2.1.tgz",
      "integrity": "sha512-rp3So07KcdmmKbGvgaNxQS5X7bPh7OAtLK2vlX9M/0qz5965F1g296OKHFCY5a+EQOh516Oa1Gp6856F3H63GA=="
    },
    "node_modules/safer-buffer": {
      "version": "2.1.2",
      "resolved": "https://registry.npmjs.org/safer-buffer/-/safer-buffer-2.1.2.tgz",
      "integrity": "sha512-YZo3K82SD7Riyi0E1EQPojL66kpe600Mtf+wbUm237VkXKsYEi56cre8Mst1v96RTYmQlBUWXxu678FQE996Tw=="
    },
    "node_modules/send": {
      "version": "0.19.0",
      "resolved": "https://registry.npmjs.org/send/-/send-0.19.0.tgz",
      "integrity": "sha512-dWFIKNOD7FFxYpb6c6ovncgA6VjEq0J6S6TzR7Sv361v6uE693Aof5G989u6YIdRscZ6qY849547C7V7X5Y5gA==",
      "dependencies": {
        "debug": "2.6.9",
        "encodeurl": "~2.0.0",
        "escape-html": "~1.0.3",
        "etag": "~1.8.1",
        "fresh": "0.5.2",
        "http-errors": "2.0.0",
        "mime": "1.6.0",
        "ms": "2.1.3",
        "on-finished": "2.4.1",
        "range-parser": "~1.2.1",
        "statuses": "2.0.1"
      },
      "engines": {
        "node": ">= 0.14.0"
      }
    },
    "node_modules/send/node_modules/mime": {
      "version": "1.6.0",
      "resolved": "https://registry.npmjs.org/mime/-/mime-1.6.0.tgz",
      "integrity": "sha512-x0Vn8spI+wuJ1O6S7gnbaQg8Pxh4NNHb7KSINmEWKi64JUo1bAn65fq9scEwYo5n8wR9HKwDGgOgCr4wthJxbw==",
      "bin": {
        "mime": "cli.js"
      },
      "engines": {
        "node": ">=4"
      }
    },
    "node_modules/send/node_modules/ms": {
      "version": "2.1.3",
      "resolved": "https://registry.npmjs.org/ms/-/ms-2.1.3.tgz",
      "integrity": "sha512-6FlzubTLr3BBVnAXe39MToY5YAnE95RJQTZ1c61xHCQ5BFNdBhWklbRJ27VseGCPPQ3O4bGlpXFlFCJWhQLNiw=="
    },
    "node_modules/serve-static": {
      "version": "1.16.2",
      "resolved": "https://registry.npmjs.org/serve-static/-/serve-static-1.16.2.tgz",
      "integrity": "sha512-V6jBhDuGaF0HXQLp1gHcs5FiHWK7+r7k05i9E3aGoC+dJ9NoC0Q2T0I9tA65vyNf6NqmKp3O3rW4tw+h/w0fA==",
      "dependencies": {
        "encodeurl": "~2.0.0",
        "escape-html": "~1.0.3",
        "parseurl": "~1.3.3",
        "send": "0.19.0"
      },
      "engines": {
        "node": ">= 0.8"
      }
    },
    "node_modules/setprototypeof": {
      "version": "1.2.0",
      "resolved": "https://registry.npmjs.org/setprototypeof/-/setprototypeof-1.2.0.tgz",
      "integrity": "sha512-E5UZTE19dyaccMdzILC80TeOUCSf3T8R11ffKlSe76g4uIQW6cVQBC9F67nDpXCbIiFAnTI3f5gqpCyp8FOETw=="
    },
    "node_modules/side-channel": {
      "version": "1.1.0",
      "resolved": "https://registry.npmjs.org/side-channel/-/side-channel-1.1.0.tgz",
      "integrity": "sha512-ZXPnGs7wZby9S6S6rNbyAn0Z6m66fT375X88YFjUisY8AtQf18X9Yf9z43Gof44tL27Yv0S2+fH1bShIu8Nmsw==",
      "dependencies": {
        "es-errors": "^1.3.0",
        "object-inspect": "^1.13.3",
        "side-channel-list": "^1.0.0",
        "side-channel-map": "^1.0.1",
        "side-channel-weakmap": "^1.0.2"
      },
      "engines": {
        "node": ">= 0.4"
      }
    },
    "node_modules/side-channel-list": {
      "version": "1.0.0",
      "resolved": "https://registry.npmjs.org/side-channel-list/-/side-channel-list-1.0.0.tgz",
      "integrity": "sha512-FfGZidvBvX5Vn80W+wP0vWdf59G17v3t9bTfE+G7gQO78Xw0OqmF+S6AnzPfeYfSdfp/r2S6g8wshS00g6A7w==",
      "dependencies": {
        "es-errors": "^1.3.0",
        "object-inspect": "^1.13.3"
      },
      "engines": {
        "node": ">= 0.4"
      }
    },
    "node_modules/side-channel-map": {
      "version": "1.0.1",
      "resolved": "https://registry.npmjs.org/side-channel-map/-/side-channel-map-1.0.1.tgz",
      "integrity": "sha512-v9b9wYbyFNAbyU6tK69XfF26X+Yt7bZ7Y2g6x6Eymf9s6A9uGf/wzS1Z054H8NmvOidIOnH9/Iu8C1bNfTNhg==",
      "dependencies": {
        "es-errors": "^1.3.0",
        "object-inspect": "^1.13.3"
      },
      "engines": {
        "node": ">= 0.4"
      }
    },
    "node_modules/side-channel-weakmap": {
      "version": "1.0.2",
      "resolved": "https://registry.npmjs.org/side-channel-weakmap/-/side-channel-weakmap-1.0.2.tgz",
      "integrity": "sha512-V0O093YgZ59B32mK2o8v5wV+0m+3X8X23VvW8wXz0V6M9WjS7sB5M9U1pG2QWf5VlV7T0M9fWdZ5fG9K1gWw==",
      "dependencies": {
        "es-errors": "^1.3.0",
        "object-inspect": "^1.13.3"
      },
      "engines": {
        "node": ">= 0.4"
      }
    },
    "node_modules/statuses": {
      "version": "2.0.1",
      "resolved": "https://registry.npmjs.org/statuses/-/statuses-2.0.1.tgz",
      "integrity": "sha512-RwNA9Z/7PrKkV6r6KwShareWg769MGomFylRplQWODPM0XsmY63LxckXlocUFv7856gX1ickVukMSUFhd5usRA==",
      "engines": {
        "node": ">= 0.8"
      }
    },
    "node_modules/toidentifier": {
      "version": "1.0.1",
      "resolved": "https://registry.npmjs.org/toidentifier/-/toidentifier-1.0.1.tgz",
      "integrity": "sha512-o52hG8+uWDJZEd1nt9EV40s6g71um6yLR441noMux89vlowM5WlxQQzdODwmCR475pe6U8wFIvTvByrO+c65yw==",
      "engines": {
        "node": ">= 0.6"
      }
    },
    "node_modules/type-is": {
      "version": "1.6.18",
      "resolved": "https://registry.npmjs.org/type-is/-/type-is-1.6.18.tgz",
      "integrity": "sha512-riCwkNsc9ctwFB7p8B76378A69E0l42S1pAefV7M5UfEw697e0A3F2V7V7nU1g8O6b7f94M0M1T6R4d0UjO==7w==",
      "dependencies": {
        "media-typer": "0.3.0",
        "mime-types": "~2.1.24"
      },
      "engines": {
        "node": ">= 0.6"
      }
    },
    "node_modules/typescript": {
      "version": "5.4.5",
      "resolved": "https://registry.npmjs.org/typescript/-/typescript-5.4.5.tgz",
      "integrity": "sha512-vc91XpYgW6IqV0bZ1fB6MpHC++8Zg6O7yB7N+B2m7B0M6XgWwO0gK8qYvV3M0S6V8Yg4VwXf46M4S6GZf7Mew==",
      "bin": {
        "tsc": "bin/tsc",
        "tsserver": "bin/tsserver"
      },
      "engines": {
        "node": ">=14.17"
      }
    },
    "node_modules/unpipe": {
      "version": "1.0.0",
      "resolved": "https://registry.npmjs.org/unpipe/-/unpipe-1.0.0.tgz",
      "integrity": "sha512-68bN2wB+8P66mF68pA1lP3z0O0k8X1lMvMvYf3z0M68wXbS9Z6wF5U8R4bCscL1R0OqM6uJ1Cms8A==",
      "engines": {
        "node": ">= 0.8"
      }
    },
    "node_modules/utils-merge": {
      "version": "1.0.1",
      "resolved": "https://registry.npmjs.org/utils-merge/-/utils-merge-1.0.1.tgz",
      "integrity": "sha512-vM5zXOI6UvIWWZf7I8A8XvBAtgL9MvkH8C2bZ8s1uT1pS57Mv27Sg+ZtJm8g3UoA7fI8M69YVv3m6Y6L7Qz6g==",
      "engines": {
        "node": ">= 0.4"
      }
    },
   "node_modules/vary": {
      "version": "1.1.2",
      "resolved": "https://registry.npmjs.org/vary/-/vary-1.1.2.tgz",
      "integrity": "sha512-BNGbWLfd0eUPabhkXUVm0j8uuvREyTh5ovRa/dyow/BqAbZJyC+5fU+IzQOzmAKzYqYRAISoRhdQr3eIZ/PXqg==",
      "engines": {
        "node": ">= 0.8"
      }
    }
  }
}