{
  "name": "gha-cache-practice",
  "version": "1.0.0",
  "lockfileVersion": 3,
  "requires": true,
  "packages": {
    "": {
      "name": "gha-cache-practice",
      "version": "1.0.0",
      "dependencies": {
        "express": "^4.21.2",
        "lodash": "^4.17.21",
        "typescript": "^5.4.5"
      }
    },
    "node_modules/express": {
      "version": "4.21.2",
      "resolved": "https://registry.npmjs.org/express/-/express-4.21.2.tgz",
      "integrity": "sha512-28HGlMkgkaPTyyUpIJILcaUtHypfomdp60+LU9YBqWZ2UtbRnJa/cKxfOWN0NHHXSP5O81UkYEGcTxylgqg5xw=="
    },
    "node_modules/lodash": {
      "version": "4.17.21",
      "resolved": "https://registry.npmjs.org/lodash/-/lodash-4.17.21.tgz",
      "integrity": "sha512-v2kDEe578i9FIy899NJKpeg1GOnY16hgJu0EC9838n67fn65499M4R159265pW12blSr+M76T8r7Y9966uE2v73A=="
    },
    "node_modules/typescript": {
      "version": "5.4.5",
      "resolved": "https://registry.npmjs.org/typescript/-/typescript-5.4.5.tgz",
      "integrity": "sha512-vc91XpYgW6IqV0bZ1fB6MpHC++8Zg6O7yB7N+B2m7B0M6XgWwO0gK8qYvV3M0S6V8Yg4VwXf46M4S6GZf7Mew=="
    }
  }
}